// !$*UTF8*$!
{
	archiveVersion = 1;
	classes = {
	};
	objectVersion = 56;
	objects = {

/* Begin PBXBuildFile section */
		A11111111111111111111101 /* MinigamesApp.swift in Sources */ = {isa = PBXBuildFile; fileRef = A21111111111111111111101 /* MinigamesApp.swift */; };
		A11111111111111111111102 /* ContentView.swift in Sources */ = {isa = PBXBuildFile; fileRef = A21111111111111111111102 /* ContentView.swift */; };
		A11111111111111111111103 /* PlatformerView.swift in Sources */ = {isa = PBXBuildFile; fileRef = A21111111111111111111103 /* PlatformerView.swift */; };
		A11111111111111111111104 /* PlatformerScene.swift in Sources */ = {isa = PBXBuildFile; fileRef = A21111111111111111111104 /* PlatformerScene.swift */; };
		A11111111111111111111105 /* Assets.xcassets in Resources */ = {isa = PBXBuildFile; fileRef = A21111111111111111111105 /* Assets.xcassets */; };
		A11111111111111111111106 /* JigsawPuzzleScene.swift in Sources */ = {isa = PBXBuildFile; fileRef = A21111111111111111111106 /* JigsawPuzzleScene.swift */; };
		A11111111111111111111107 /* JigsawPuzzleView.swift in Sources */ = {isa = PBXBuildFile; fileRef = A21111111111111111111107 /* JigsawPuzzleView.swift */; };
		A11111111111111111111108 /* RocketScene.swift in Sources */ = {isa = PBXBuildFile; fileRef = A21111111111111111111108 /* RocketScene.swift */; };
		A11111111111111111111109 /* RocketView.swift in Sources */ = {isa = PBXBuildFile; fileRef = A21111111111111111111109 /* RocketView.swift */; };
		A1111111111111111111110A /* MarathonView.swift in Sources */ = {isa = PBXBuildFile; fileRef = A2111111111111111111110A /* MarathonView.swift */; };
		A1111111111111111111110B /* PingPongScene.swift in Sources */ = {isa = PBXBuildFile; fileRef = A2111111111111111111110B /* PingPongScene.swift */; };
		A1111111111111111111110C /* PingPongView.swift in Sources */ = {isa = PBXBuildFile; fileRef = A2111111111111111111110C /* PingPongView.swift */; };
/* End PBXBuildFile section */

/* Begin PBXFileReference section */
		A21111111111111111111100 /* Minigames.app */ = {isa = PBXFileReference; explicitFileType = wrapper.application; includeInIndex = 0; path = Minigames.app; sourceTree = BUILT_PRODUCTS_DIR; };
		A21111111111111111111101 /* MinigamesApp.swift */ = {isa = PBXFileReference; lastKnownFileType = sourcecode.swift; path = MinigamesApp.swift; sourceTree = "<group>"; };
		A21111111111111111111102 /* ContentView.swift */ = {isa = PBXFileReference; lastKnownFileType = sourcecode.swift; path = ContentView.swift; sourceTree = "<group>"; };
		A21111111111111111111103 /* PlatformerView.swift */ = {isa = PBXFileReference; lastKnownFileType = sourcecode.swift; path = PlatformerView.swift; sourceTree = "<group>"; };
		A21111111111111111111104 /* PlatformerScene.swift */ = {isa = PBXFileReference; lastKnownFileType = sourcecode.swift; path = PlatformerScene.swift; sourceTree = "<group>"; };
		A21111111111111111111105 /* Assets.xcassets */ = {isa = PBXFileReference; lastKnownFileType = folder.assetcatalog; path = Assets.xcassets; sourceTree = "<group>"; };
		A21111111111111111111106 /* JigsawPuzzleScene.swift */ = {isa = PBXFileReference; lastKnownFileType = sourcecode.swift; path = JigsawPuzzleScene.swift; sourceTree = "<group>"; };
		A21111111111111111111107 /* JigsawPuzzleView.swift */ = {isa = PBXFileReference; lastKnownFileType = sourcecode.swift; path = JigsawPuzzleView.swift; sourceTree = "<group>"; };
		A21111111111111111111108 /* RocketScene.swift */ = {isa = PBXFileReference; lastKnownFileType = sourcecode.swift; path = RocketScene.swift; sourceTree = "<group>"; };
		A21111111111111111111109 /* RocketView.swift */ = {isa = PBXFileReference; lastKnownFileType = sourcecode.swift; path = RocketView.swift; sourceTree = "<group>"; };
		A2111111111111111111110A /* MarathonView.swift */ = {isa = PBXFileReference; lastKnownFileType = sourcecode.swift; path = MarathonView.swift; sourceTree = "<group>"; };
		A2111111111111111111110B /* PingPongScene.swift */ = {isa = PBXFileReference; lastKnownFileType = sourcecode.swift; path = PingPongScene.swift; sourceTree = "<group>"; };
		A2111111111111111111110C /* PingPongView.swift */ = {isa = PBXFileReference; lastKnownFileType = sourcecode.swift; path = PingPongView.swift; sourceTree = "<group>"; };
/* End PBXFileReference section */

/* Begin PBXFrameworksBuildPhase section */
		A31111111111111111111100 /* Frameworks */ = {
			isa = PBXFrameworksBuildPhase;
			buildActionMask = 2147483647;
			files = (
			);
			runOnlyForDeploymentPostprocessing = 0;
		};
/* End PBXFrameworksBuildPhase section */

/* Begin PBXGroup section */
		A41111111111111111111100 = {
			isa = PBXGroup;
			children = (
				A41111111111111111111101 /* Minigames */,
				A41111111111111111111199 /* Products */,
			);
			sourceTree = "<group>";
		};
		A41111111111111111111101 /* Minigames */ = {
			isa = PBXGroup;
			children = (
				A21111111111111111111101 /* MinigamesApp.swift */,
				A21111111111111111111102 /* ContentView.swift */,
				A41111111111111111111102 /* Platformer */,
				A41111111111111111111103 /* Puzzle */,
				A41111111111111111111104 /* Rocket */,
				A41111111111111111111105 /* Marathon */,
				A41111111111111111111106 /* PingPong */,
				A21111111111111111111105 /* Assets.xcassets */,
			);
			path = Minigames;
			sourceTree = "<group>";
		};
		A41111111111111111111102 /* Platformer */ = {
			isa = PBXGroup;
			children = (
				A21111111111111111111103 /* PlatformerView.swift */,
				A21111111111111111111104 /* PlatformerScene.swift */,
			);
			path = Platformer;
			sourceTree = "<group>";
		};
		A41111111111111111111103 /* Puzzle */ = {
			isa = PBXGroup;
			children = (
				A21111111111111111111106 /* JigsawPuzzleScene.swift */,
				A21111111111111111111107 /* JigsawPuzzleView.swift */,
			);
			path = Puzzle;
			sourceTree = "<group>";
		};
		A41111111111111111111104 /* Rocket */ = {
			isa = PBXGroup;
			children = (
				A21111111111111111111108 /* RocketScene.swift */,
				A21111111111111111111109 /* RocketView.swift */,
			);
			path = Rocket;
			sourceTree = "<group>";
		};
		A41111111111111111111105 /* Marathon */ = {
			isa = PBXGroup;
			children = (
				A2111111111111111111110A /* MarathonView.swift */,
			);
			path = Marathon;
			sourceTree = "<group>";
		};
		A41111111111111111111106 /* PingPong */ = {
			isa = PBXGroup;
			children = (
				A2111111111111111111110B /* PingPongScene.swift */,
				A2111111111111111111110C /* PingPongView.swift */,
			);
			path = PingPong;
			sourceTree = "<group>";
		};
		A41111111111111111111199 /* Products */ = {
			isa = PBXGroup;
			children = (
				A21111111111111111111100 /* Minigames.app */,
			);
			name = Products;
			sourceTree = "<group>";
		};
/* End PBXGroup section */

/* Begin PBXNativeTarget section */
		A51111111111111111111100 /* Minigames */ = {
			isa = PBXNativeTarget;
			buildConfigurationList = A81111111111111111111101 /* Build configuration list for PBXNativeTarget "Minigames" */;
			buildPhases = (
				A61111111111111111111100 /* Sources */,
				A31111111111111111111100 /* Frameworks */,
				A71111111111111111111100 /* Resources */,
			);
			buildRules = (
			);
			dependencies = (
			);
			name = Minigames;
			productName = Minigames;
			productReference = A21111111111111111111100 /* Minigames.app */;
			productType = "com.apple.product-type.application";
		};
/* End PBXNativeTarget section */

/* Begin PBXProject section */
		A91111111111111111111100 /* Project object */ = {
			isa = PBXProject;
			attributes = {
				BuildIndependentTargetsInParallel = 1;
				LastSwiftUpdateCheck = 1500;
				LastUpgradeCheck = 1500;
				TargetAttributes = {
					A51111111111111111111100 = {
						CreatedOnToolsVersion = 15.0;
					};
				};
			};
			buildConfigurationList = A81111111111111111111100 /* Build configuration list for PBXProject "Minigames" */;
			compatibilityVersion = "Xcode 14.0";
			developmentRegion = en;
			hasScannedForEncodings = 0;
			knownRegions = (
				en,
				Base,
			);
			mainGroup = A41111111111111111111100;
			productRefGroup = A41111111111111111111199 /* Products */;
			projectDirPath = "";
			projectRoot = "";
			targets = (
				A51111111111111111111100 /* Minigames */,
			);
		};
/* End PBXProject section */

/* Begin PBXResourcesBuildPhase section */
		A71111111111111111111100 /* Resources */ = {
			isa = PBXResourcesBuildPhase;
			buildActionMask = 2147483647;
			files = (
				A11111111111111111111105 /* Assets.xcassets in Resources */,
			);
			runOnlyForDeploymentPostprocessing = 0;
		};
/* End PBXResourcesBuildPhase section */

/* Begin PBXSourcesBuildPhase section */
		A61111111111111111111100 /* Sources */ = {
			isa = PBXSourcesBuildPhase;
			buildActionMask = 2147483647;
			files = (
				A11111111111111111111101 /* MinigamesApp.swift in Sources */,
				A11111111111111111111102 /* ContentView.swift in Sources */,
				A11111111111111111111103 /* PlatformerView.swift in Sources */,
				A11111111111111111111104 /* PlatformerScene.swift in Sources */,
				A11111111111111111111106 /* JigsawPuzzleScene.swift in Sources */,
				A11111111111111111111107 /* JigsawPuzzleView.swift in Sources */,
				A11111111111111111111108 /* RocketScene.swift in Sources */,
				A11111111111111111111109 /* RocketView.swift in Sources */,
				A1111111111111111111110A /* MarathonView.swift in Sources */,
				A1111111111111111111110B /* PingPongScene.swift in Sources */,
				A1111111111111111111110C /* PingPongView.swift in Sources */,
			);
			runOnlyForDeploymentPostprocessing = 0;
		};
/* End PBXSourcesBuildPhase section */

/* Begin XCBuildConfiguration section */
		A81111111111111111111110 /* Debug */ = {
			isa = XCBuildConfiguration;
			buildSettings = {
				ALWAYS_SEARCH_USER_PATHS = NO;
				ASSETCATALOG_COMPILER_GENERATE_SWIFT_ASSET_SYMBOL_EXTENSIONS = YES;
				CLANG_ANALYZER_NONNULL = YES;
				CLANG_ANALYZER_NUMBER_OBJECT_CONVERSION = YES_AGGRESSIVE;
				CLANG_CXX_LANGUAGE_STANDARD = "gnu++20";
				CLANG_ENABLE_MODULES = YES;
				CLANG_ENABLE_OBJC_ARC = YES;
				CLANG_ENABLE_OBJC_WEAK = YES;
				CLANG_WARN_BLOCK_CAPTURE_AUTORELEASING = YES;
				CLANG_WARN_BOOL_CONVERSION = YES;
				CLANG_WARN_COMMA = YES;
				CLANG_WARN_CONSTANT_CONVERSION = YES;
				CLANG_WARN_DEPRECATED_OBJC_IMPLEMENTATIONS = YES;
				CLANG_WARN_DIRECT_OBJC_ISA_USAGE = YES_ERROR;
				CLANG_WARN_DOCUMENTATION_COMMENTS = YES;
				CLANG_WARN_EMPTY_BODY = YES;
				CLANG_WARN_ENUM_CONVERSION = YES;
				CLANG_WARN_INFINITE_RECURSION = YES;
				CLANG_WARN_INT_CONVERSION = YES;
				CLANG_WARN_NON_LITERAL_NULL_CONVERSION = YES;
				CLANG_WARN_OBJC_IMPLICIT_RETAIN_SELF = YES;
				CLANG_WARN_OBJC_LITERAL_CONVERSION = YES;
				CLANG_WARN_OBJC_ROOT_CLASS = YES_ERROR;
				CLANG_WARN_QUOTED_INCLUDE_IN_FRAMEWORK_HEADER = YES;
				CLANG_WARN_RANGE_LOOP_ANALYSIS = YES;
				CLANG_WARN_STRICT_PROTOTYPES = YES;
				CLANG_WARN_SUSPICIOUS_MOVE = YES;
				CLANG_WARN_UNGUARDED_AVAILABILITY = YES_AGGRESSIVE;
				CLANG_WARN_UNREACHABLE_CODE = YES;
				CLANG_WARN__DUPLICATE_METHOD_MATCH = YES;
				COPY_PHASE_STRIP = NO;
				DEBUG_INFORMATION_FORMAT = dwarf;
				ENABLE_STRICT_OBJC_MSGSEND = YES;
				ENABLE_TESTABILITY = YES;
				ENABLE_USER_SCRIPT_SANDBOXING = YES;
				GCC_C_LANGUAGE_STANDARD = gnu17;
				GCC_DYNAMIC_NO_PIC = NO;
				GCC_NO_COMMON_BLOCKS = YES;
				GCC_OPTIMIZATION_LEVEL = 0;
				GCC_PREPROCESSOR_DEFINITIONS = (
					"DEBUG=1",
					"$(inherited)",
				);
				GCC_WARN_64_TO_32_BIT_CONVERSION = YES;
				GCC_WARN_ABOUT_RETURN_TYPE = YES_ERROR;
				GCC_WARN_UNDECLARED_SELECTOR = YES;
				GCC_WARN_UNINITIALIZED_AUTOS = YES_AGGRESSIVE;
				GCC_WARN_UNUSED_FUNCTION = YES;
				GCC_WARN_UNUSED_VARIABLE = YES;
				IPHONEOS_DEPLOYMENT_TARGET = 17.0;
				MTL_ENABLE_DEBUG_INFO = INCLUDE_SOURCE;
				MTL_FAST_MATH = YES;
				ONLY_ACTIVE_ARCH = YES;
				SDKROOT = iphoneos;
				SWIFT_ACTIVE_COMPILATION_CONDITIONS = "DEBUG $(inherited)";
				SWIFT_OPTIMIZATION_LEVEL = "-Onone";
			};
			name = Debug;
		};
		A81111111111111111111111 /* Release */ = {
			isa = XCBuildConfiguration;
			buildSettings = {
				ALWAYS_SEARCH_USER_PATHS = NO;
				ASSETCATALOG_COMPILER_GENERATE_SWIFT_ASSET_SYMBOL_EXTENSIONS = YES;
				CLANG_ANALYZER_NONNULL = YES;
				CLANG_ANALYZER_NUMBER_OBJECT_CONVERSION = YES_AGGRESSIVE;
				CLANG_CXX_LANGUAGE_STANDARD = "gnu++20";
				CLANG_ENABLE_MODULES = YES;
				CLANG_ENABLE_OBJC_ARC = YES;
				CLANG_ENABLE_OBJC_WEAK = YES;
				CLANG_WARN_BLOCK_CAPTURE_AUTORELEASING = YES;
				CLANG_WARN_BOOL_CONVERSION = YES;
				CLANG_WARN_COMMA = YES;
				CLANG_WARN_CONSTANT_CONVERSION = YES;
				CLANG_WARN_DEPRECATED_OBJC_IMPLEMENTATIONS = YES;
				CLANG_WARN_DIRECT_OBJC_ISA_USAGE = YES_ERROR;
				CLANG_WARN_DOCUMENTATION_COMMENTS = YES;
				CLANG_WARN_EMPTY_BODY = YES;
				CLANG_WARN_ENUM_CONVERSION = YES;
				CLANG_WARN_INFINITE_RECURSION = YES;
				CLANG_WARN_INT_CONVERSION = YES;
				CLANG_WARN_NON_LITERAL_NULL_CONVERSION = YES;
				CLANG_WARN_OBJC_IMPLICIT_RETAIN_SELF = YES;
				CLANG_WARN_OBJC_LITERAL_CONVERSION = YES;
				CLANG_WARN_OBJC_ROOT_CLASS = YES_ERROR;
				CLANG_WARN_QUOTED_INCLUDE_IN_FRAMEWORK_HEADER = YES;
				CLANG_WARN_RANGE_LOOP_ANALYSIS = YES;
				CLANG_WARN_STRICT_PROTOTYPES = YES;
				CLANG_WARN_SUSPICIOUS_MOVE = YES;
				CLANG_WARN_UNGUARDED_AVAILABILITY = YES_AGGRESSIVE;
				CLANG_WARN_UNREACHABLE_CODE = YES;
				CLANG_WARN__DUPLICATE_METHOD_MATCH = YES;
				COPY_PHASE_STRIP = NO;
				DEBUG_INFORMATION_FORMAT = "dwarf-with-dsym";
				ENABLE_NS_ASSERTIONS = NO;
				ENABLE_STRICT_OBJC_MSGSEND = YES;
				ENABLE_USER_SCRIPT_SANDBOXING = YES;
				GCC_C_LANGUAGE_STANDARD = gnu17;
				GCC_NO_COMMON_BLOCKS = YES;
				GCC_WARN_64_TO_32_BIT_CONVERSION = YES;
				GCC_WARN_ABOUT_RETURN_TYPE = YES_ERROR;
				GCC_WARN_UNDECLARED_SELECTOR = YES;
				GCC_WARN_UNINITIALIZED_AUTOS = YES_AGGRESSIVE;
				GCC_WARN_UNUSED_FUNCTION = YES;
				GCC_WARN_UNUSED_VARIABLE = YES;
				IPHONEOS_DEPLOYMENT_TARGET = 17.0;
				MTL_FAST_MATH = YES;
				SDKROOT = iphoneos;
				SWIFT_COMPILATION_MODE = wholemodule;
				VALIDATE_PRODUCT = YES;
			};
			name = Release;
		};
		A81111111111111111111112 /* Debug */ = {
			isa = XCBuildConfiguration;
			buildSettings = {
				ASSETCATALOG_COMPILER_APPICON_NAME = AppIcon;
				ASSETCATALOG_COMPILER_GLOBAL_ACCENT_COLOR_NAME = AccentColor;
				"CODE_SIGN_IDENTITY[sdk=macosx*]" = "-";
				CODE_SIGN_STYLE = Automatic;
				CURRENT_PROJECT_VERSION = 1;
				DERIVE_MACCATALYST_PRODUCT_BUNDLE_IDENTIFIER = YES;
				DEVELOPMENT_TEAM = 7G86QTEM36;
				GENERATE_INFOPLIST_FILE = YES;
				INFOPLIST_KEY_UIApplicationSceneManifest_Generation = YES;
				INFOPLIST_KEY_UIApplicationSupportsIndirectInputEvents = YES;
				INFOPLIST_KEY_UILaunchScreen_Generation = YES;
				INFOPLIST_KEY_UIRequiresFullScreen = NO;
				INFOPLIST_KEY_UISupportedInterfaceOrientations_iPad = "UIInterfaceOrientationLandscapeLeft UIInterfaceOrientationLandscapeRight UIInterfaceOrientationPortrait UIInterfaceOrientationPortraitUpsideDown";
				INFOPLIST_KEY_UISupportedInterfaceOrientations_iPhone = "UIInterfaceOrientationPortrait UIInterfaceOrientationLandscapeLeft UIInterfaceOrientationLandscapeRight";
				LD_RUNPATH_SEARCH_PATHS = (
					"$(inherited)",
					"@executable_path/Frameworks",
				);
				MARKETING_VERSION = 1.0;
				PRODUCT_BUNDLE_IDENTIFIER = com.minigamesapp.app;
				PRODUCT_NAME = "$(TARGET_NAME)";
				SUPPORTS_MACCATALYST = YES;
				SWIFT_EMIT_LOC_STRINGS = YES;
				SWIFT_VERSION = 5.0;
				TARGETED_DEVICE_FAMILY = "1,2";
			};
			name = Debug;
		};
		A81111111111111111111113 /* Release */ = {
			isa = XCBuildConfiguration;
			buildSettings = {
				ASSETCATALOG_COMPILER_APPICON_NAME = AppIcon;
				ASSETCATALOG_COMPILER_GLOBAL_ACCENT_COLOR_NAME = AccentColor;
				"CODE_SIGN_IDENTITY[sdk=macosx*]" = "-";
				CODE_SIGN_STYLE = Automatic;
				CURRENT_PROJECT_VERSION = 1;
				DERIVE_MACCATALYST_PRODUCT_BUNDLE_IDENTIFIER = YES;
				DEVELOPMENT_TEAM = 7G86QTEM36;
				GENERATE_INFOPLIST_FILE = YES;
				INFOPLIST_KEY_UIApplicationSceneManifest_Generation = YES;
				INFOPLIST_KEY_UIApplicationSupportsIndirectInputEvents = YES;
				INFOPLIST_KEY_UILaunchScreen_Generation = YES;
				INFOPLIST_KEY_UIRequiresFullScreen = NO;
				INFOPLIST_KEY_UISupportedInterfaceOrientations_iPad = "UIInterfaceOrientationLandscapeLeft UIInterfaceOrientationLandscapeRight UIInterfaceOrientationPortrait UIInterfaceOrientationPortraitUpsideDown";
				INFOPLIST_KEY_UISupportedInterfaceOrientations_iPhone = "UIInterfaceOrientationPortrait UIInterfaceOrientationLandscapeLeft UIInterfaceOrientationLandscapeRight";
				LD_RUNPATH_SEARCH_PATHS = (
					"$(inherited)",
					"@executable_path/Frameworks",
				);
				MARKETING_VERSION = 1.0;
				PRODUCT_BUNDLE_IDENTIFIER = com.minigamesapp.app;
				PRODUCT_NAME = "$(TARGET_NAME)";
				SUPPORTS_MACCATALYST = YES;
				SWIFT_EMIT_LOC_STRINGS = YES;
				SWIFT_VERSION = 5.0;
				TARGETED_DEVICE_FAMILY = "1,2";
			};
			name = Release;
		};
/* End XCBuildConfiguration section */

/* Begin XCConfigurationList section */
		A81111111111111111111100 /* Build configuration list for PBXProject "Minigames" */ = {
			isa = XCConfigurationList;
			buildConfigurations = (
				A81111111111111111111110 /* Debug */,
				A81111111111111111111111 /* Release */,
			);
			defaultConfigurationIsVisible = 0;
			defaultConfigurationName = Release;
		};
		A81111111111111111111101 /* Build configuration list for PBXNativeTarget "Minigames" */ = {
			isa = XCConfigurationList;
			buildConfigurations = (
				A81111111111111111111112 /* Debug */,
				A81111111111111111111113 /* Release */,
			);
			defaultConfigurationIsVisible = 0;
			defaultConfigurationName = Release;
		};
/* End XCConfigurationList section */
	};
	rootObject = A91111111111111111111100 /* Project object */;
}
